
Microsoft Visual Studio Solution File, Format Version 12.00
# Visual Studio Version 16
VisualStudioVersion = 16.0.29519.87
MinimumVisualStudioVersion = 10.0.40219.1
Project("{FAE04EC0-301F-11D3-BF4B-00C04F79EFBC}") = "projectView", "projectView\projectView.csproj", "{BC794DB1-1951-44E1-B684-FB1A65D99EF1}"
EndProject
Global
	GlobalSection(SolutionConfigurationPlatforms) = preSolution
		Debug|Any CPU = Debug|Any CPU
		Release|Any CPU = Release|Any CPU
	EndGlobalSection
	GlobalSection(ProjectConfigurationPlatforms) = postSolution
		{BC794DB1-1951-44E1-B684-FB1A65D99EF1}.Debug|Any CPU.ActiveCfg = Debug|Any CPU
		{BC794DB1-1951-44E1-B684-FB1A65D99EF1}.Debug|Any CPU.Build.0 = Debug|Any CPU
		{BC794DB1-1951-44E1-B684-FB1A65D99EF1}.Release|Any CPU.ActiveCfg = Release|Any CPU
		{BC794DB1-1951-44E1-B684-FB1A65D99EF1}.Release|Any CPU.Build.0 = Release|Any CPU
	EndGlobalSection
	GlobalSection(SolutionProperties) = preSolution
		HideSolutionNode = FALSE
	EndGlobalSection
	GlobalSection(ExtensibilityGlobals) = postSolution
		SolutionGuid = {3DCC339C-93D7-4247-8E0F-70924584F326}
	EndGlobalSection
EndGlobal
